
Microsoft Visual Studio Solution File, Format Version 12.00
# Visual Studio Version 16
VisualStudioVersion = 16.0.30225.117
MinimumVisualStudioVersion = 10.0.40219.1
Project("{9A19103F-16F7-4668-BE54-9A1E7A4F7556}") = "LikeButtonFeature", "LikeButtonFeature\LikeButtonFeature.csproj", "{10639EBD-3CBE-4E72-860B-451EF2DEB58F}"
EndProject
Project("{FAE04EC0-301F-11D3-BF4B-00C04F79EFBC}") = "LikeButtonFeature.UnitTests", "LikeButtonFeature.UnitTests\LikeButtonFeature.UnitTests.csproj", "{703EC31C-3DB9-49D0-A156-16D49DB7DA85}"
EndProject
Global
	GlobalSection(SolutionConfigurationPlatforms) = preSolution
		Debug|Any CPU = Debug|Any CPU
		Release|Any CPU = Release|Any CPU
	EndGlobalSection
	GlobalSection(ProjectConfigurationPlatforms) = postSolution
		{10639EBD-3CBE-4E72-860B-451EF2DEB58F}.Debug|Any CPU.ActiveCfg = Debug|Any CPU
		{10639EBD-3CBE-4E72-860B-451EF2DEB58F}.Debug|Any CPU.Build.0 = Debug|Any CPU
		{10639EBD-3CBE-4E72-860B-451EF2DEB58F}.Release|Any CPU.ActiveCfg = Release|Any CPU
		{10639EBD-3CBE-4E72-860B-451EF2DEB58F}.Release|Any CPU.Build.0 = Release|Any CPU
		{703EC31C-3DB9-49D0-A156-16D49DB7DA85}.Debug|Any CPU.ActiveCfg = Debug|Any CPU
		{703EC31C-3DB9-49D0-A156-16D49DB7DA85}.Debug|Any CPU.Build.0 = Debug|Any CPU
		{703EC31C-3DB9-49D0-A156-16D49DB7DA85}.Release|Any CPU.ActiveCfg = Release|Any CPU
		{703EC31C-3DB9-49D0-A156-16D49DB7DA85}.Release|Any CPU.Build.0 = Release|Any CPU
	EndGlobalSection
	GlobalSection(SolutionProperties) = preSolution
		HideSolutionNode = FALSE
	EndGlobalSection
	GlobalSection(ExtensibilityGlobals) = postSolution
		SolutionGuid = {18A6DF9D-920A-4F4F-A9E7-7B37FCFBF9B5}
	EndGlobalSection
EndGlobal
